{
  "name": "web-app-dashboard-assets",
  "lockfileVersion": 3,
  "requires": true,
  "packages": {
    "": {
      "name": "web-app-dashboard-assets",
      "dependencies": {
        "keycloak-js": "24.0.5"
      }
    },
    "node_modules/js-sha256": {
      "version": "0.11.1",
      "resolved": "https://registry.npmjs.org/js-sha256/-/js-sha256-0.11.1.tgz",
      "integrity": "sha512-o6WSo/LUvY2uC4j7mO50a2ms7E/EAdbP0swigLV+nzHKTTaYnaLIWJ02VdXrsJX0vGedDESQnLsOekr94ryfjg==",
      "license": "MIT"
    },
    "node_modules/jwt-decode": {
      "version": "4.0.0",
      "resolved": "https://registry.npmjs.org/jwt-decode/-/jwt-decode-4.0.0.tgz",
      "integrity": "sha512-+KJGIyHgkGuIq3IEBNftfhW/LfWhXUIY6OmyVWjliu5KH1y0fw7VQ8YndE2O4qZdMSd9SqbnC8GOcZEy0Om7sA==",
      "license": "MIT",
      "engines": {
        "node": ">=18"
      }
    },
    "node_modules/keycloak-js": {
      "version": "24.0.5",
      "resolved": "https://registry.npmjs.org/keycloak-js/-/keycloak-js-24.0.5.tgz",
      "integrity": "sha512-VQOSn3j13DPB6OuavKAq+sRjDERhIKrXgBzekoHRstifPuyULILguugX6yxRUYFSpn3OMYUXmSX++tkdCupOjA==",
      "license": "Apache-2.0",
      "dependencies": {
        "js-sha256": "^0.11.0",
        "jwt-decode": "^4.0.0"
      }
    }
  }
}
